
Microsoft Visual Studio Solution File, Format Version 12.00
# Visual Studio 15
VisualStudioVersion = 15.0.28010.2026
MinimumVisualStudioVersion = 10.0.40219.1
Project("{FAE04EC0-301F-11D3-BF4B-00C04F79EFBC}") = "testingHackerRank", "testingHackerRank\testingHackerRank.csproj", "{CA017900-54D3-41DC-B828-7D8326B83DD5}"
EndProject
Global
	GlobalSection(SolutionConfigurationPlatforms) = preSolution
		Debug|Any CPU = Debug|Any CPU
		Release|Any CPU = Release|Any CPU
	EndGlobalSection
	GlobalSection(ProjectConfigurationPlatforms) = postSolution
		{CA017900-54D3-41DC-B828-7D8326B83DD5}.Debug|Any CPU.ActiveCfg = Debug|Any CPU
		{CA017900-54D3-41DC-B828-7D8326B83DD5}.Debug|Any CPU.Build.0 = Debug|Any CPU
		{CA017900-54D3-41DC-B828-7D8326B83DD5}.Release|Any CPU.ActiveCfg = Release|Any CPU
		{CA017900-54D3-41DC-B828-7D8326B83DD5}.Release|Any CPU.Build.0 = Release|Any CPU
	EndGlobalSection
	GlobalSection(SolutionProperties) = preSolution
		HideSolutionNode = FALSE
	EndGlobalSection
	GlobalSection(ExtensibilityGlobals) = postSolution
		SolutionGuid = {7DA2E1B7-F9FE-4892-8645-FF2B717E0FA3}
	EndGlobalSection
EndGlobal
